
Microsoft Visual Studio Solution File, Format Version 12.00
# Visual Studio Version 16
VisualStudioVersion = 16.0.29409.12
MinimumVisualStudioVersion = 10.0.40219.1
Project("{FAE04EC0-301F-11D3-BF4B-00C04F79EFBC}") = "JoblogicCandidateTest", "JoblogicCandidateTest\JoblogicCandidateTest.csproj", "{06938E1E-1FDF-4401-9C7F-7F79BD477460}"
EndProject
Global
	GlobalSection(SolutionConfigurationPlatforms) = preSolution
		Debug|Any CPU = Debug|Any CPU
		Release|Any CPU = Release|Any CPU
	EndGlobalSection
	GlobalSection(ProjectConfigurationPlatforms) = postSolution
		{06938E1E-1FDF-4401-9C7F-7F79BD477460}.Debug|Any CPU.ActiveCfg = Debug|Any CPU
		{06938E1E-1FDF-4401-9C7F-7F79BD477460}.Debug|Any CPU.Build.0 = Debug|Any CPU
		{06938E1E-1FDF-4401-9C7F-7F79BD477460}.Release|Any CPU.ActiveCfg = Release|Any CPU
		{06938E1E-1FDF-4401-9C7F-7F79BD477460}.Release|Any CPU.Build.0 = Release|Any CPU
	EndGlobalSection
	GlobalSection(SolutionProperties) = preSolution
		HideSolutionNode = FALSE
	EndGlobalSection
	GlobalSection(ExtensibilityGlobals) = postSolution
		SolutionGuid = {037BA36D-BC2F-4471-8919-683054AB49A4}
	EndGlobalSection
EndGlobal
